
Microsoft Visual Studio Solution File, Format Version 12.00
# Visual Studio Version 17
VisualStudioVersion = 17.13.35818.85 d17.13
MinimumVisualStudioVersion = 10.0.40219.1
Project("{FAE04EC0-301F-11D3-BF4B-00C04F79EFBC}") = "SavorCake", "SavorCake\SavorCake.csproj", "{915A486E-1086-442D-820D-CB3338B33381}"
EndProject
Global
	GlobalSection(SolutionConfigurationPlatforms) = preSolution
		Debug|Any CPU = Debug|Any CPU
		Release|Any CPU = Release|Any CPU
	EndGlobalSection
	GlobalSection(ProjectConfigurationPlatforms) = postSolution
		{915A486E-1086-442D-820D-CB3338B33381}.Debug|Any CPU.ActiveCfg = Debug|Any CPU
		{915A486E-1086-442D-820D-CB3338B33381}.Debug|Any CPU.Build.0 = Debug|Any CPU
		{915A486E-1086-442D-820D-CB3338B33381}.Release|Any CPU.ActiveCfg = Release|Any CPU
		{915A486E-1086-442D-820D-CB3338B33381}.Release|Any CPU.Build.0 = Release|Any CPU
	EndGlobalSection
	GlobalSection(SolutionProperties) = preSolution
		HideSolutionNode = FALSE
	EndGlobalSection
	GlobalSection(ExtensibilityGlobals) = postSolution
		SolutionGuid = {89E82B7B-76E1-4D6E-975C-9AAC623467A6}
	EndGlobalSection
EndGlobal
